
Microsoft Visual Studio Solution File, Format Version 12.00
# Visual Studio Version 17
VisualStudioVersion = 17.2.32519.379
MinimumVisualStudioVersion = 10.0.40219.1
Project("{2150E333-8FDC-42A3-9474-1A3956D46DE8}") = "Application", "Application", "{6568C2B1-808D-4F3D-A6A5-B51A3152F515}"
EndProject
Project("{2150E333-8FDC-42A3-9474-1A3956D46DE8}") = "Domain", "Domain", "{8CD8E82D-44A3-47BF-9F7B-EC24DDA57FB2}"
EndProject
Project("{2150E333-8FDC-42A3-9474-1A3956D46DE8}") = "Infra.Data", "Infra.Data", "{AE8659DA-B088-4798-8725-9A68693DAECF}"
EndProject
Project("{2150E333-8FDC-42A3-9474-1A3956D46DE8}") = "Infra.IoC", "Infra.IoC", "{3065A8A6-971C-4333-9E80-DB0EDA169AD8}"
EndProject
Project("{2150E333-8FDC-42A3-9474-1A3956D46DE8}") = "Presentation", "Presentation", "{927F1C3B-4F86-43DC-A605-8455A7B761B5}"
EndProject
Project("{FAE04EC0-301F-11D3-BF4B-00C04F79EFBC}") = "AusmtStudentProfile.Mvc", "AusmtStudentProfile.Mvc\AusmtStudentProfile.Mvc.csproj", "{1642AE94-5F6B-44EC-B746-81DA96B5EE54}"
EndProject
Project("{FAE04EC0-301F-11D3-BF4B-00C04F79EFBC}") = "AusmtStudentProfile.Domain", "AusmtStudentProfile.Domain\AusmtStudentProfile.Domain.csproj", "{DB65DD08-44A5-48BE-A0B1-7027B5781396}"
EndProject
Global
	GlobalSection(SolutionConfigurationPlatforms) = preSolution
		Debug|Any CPU = Debug|Any CPU
		Release|Any CPU = Release|Any CPU
	EndGlobalSection
	GlobalSection(ProjectConfigurationPlatforms) = postSolution
		{1642AE94-5F6B-44EC-B746-81DA96B5EE54}.Debug|Any CPU.ActiveCfg = Debug|Any CPU
		{1642AE94-5F6B-44EC-B746-81DA96B5EE54}.Debug|Any CPU.Build.0 = Debug|Any CPU
		{1642AE94-5F6B-44EC-B746-81DA96B5EE54}.Release|Any CPU.ActiveCfg = Release|Any CPU
		{1642AE94-5F6B-44EC-B746-81DA96B5EE54}.Release|Any CPU.Build.0 = Release|Any CPU
		{DB65DD08-44A5-48BE-A0B1-7027B5781396}.Debug|Any CPU.ActiveCfg = Debug|Any CPU
		{DB65DD08-44A5-48BE-A0B1-7027B5781396}.Debug|Any CPU.Build.0 = Debug|Any CPU
		{DB65DD08-44A5-48BE-A0B1-7027B5781396}.Release|Any CPU.ActiveCfg = Release|Any CPU
		{DB65DD08-44A5-48BE-A0B1-7027B5781396}.Release|Any CPU.Build.0 = Release|Any CPU
	EndGlobalSection
	GlobalSection(SolutionProperties) = preSolution
		HideSolutionNode = FALSE
	EndGlobalSection
	GlobalSection(NestedProjects) = preSolution
		{1642AE94-5F6B-44EC-B746-81DA96B5EE54} = {927F1C3B-4F86-43DC-A605-8455A7B761B5}
		{DB65DD08-44A5-48BE-A0B1-7027B5781396} = {8CD8E82D-44A3-47BF-9F7B-EC24DDA57FB2}
	EndGlobalSection
	GlobalSection(ExtensibilityGlobals) = postSolution
		SolutionGuid = {7F7CA9B2-B80B-4C31-860A-A8DB0362BB58}
	EndGlobalSection
EndGlobal
